
Microsoft Visual Studio Solution File, Format Version 12.00
# Visual Studio Version 16
VisualStudioVersion = 16.0.30413.136
MinimumVisualStudioVersion = 10.0.40219.1
Project("{9A19103F-16F7-4668-BE54-9A1E7A4F7556}") = "WrestlingStore_S2", "WrestlingStore_S2\WrestlingStore_S2.csproj", "{7637702F-804C-4EC4-B500-E183EA420726}"
EndProject
Project("{9A19103F-16F7-4668-BE54-9A1E7A4F7556}") = "LogicLayer", "LogicLayer\LogicLayer.csproj", "{3C22D1FE-2FA3-47F5-9F06-1F19AE2B8AE7}"
EndProject
Project("{9A19103F-16F7-4668-BE54-9A1E7A4F7556}") = "DAL", "DAL\DAL.csproj", "{7B841371-8AFA-45B3-91EE-C6665179B153}"
EndProject
Project("{9A19103F-16F7-4668-BE54-9A1E7A4F7556}") = "Modules", "Modules\Modules.csproj", "{37F5A917-02AE-4DCD-B219-13ACE401C496}"
EndProject
Project("{FAE04EC0-301F-11D3-BF4B-00C04F79EFBC}") = "WrestlingStoreApp", "WrestlingStoreApp\WrestlingStoreApp.csproj", "{B87B3F7B-8E42-4B79-A2AF-21B45D5384E6}"
EndProject
Global
	GlobalSection(SolutionConfigurationPlatforms) = preSolution
		Debug|Any CPU = Debug|Any CPU
		Release|Any CPU = Release|Any CPU
	EndGlobalSection
	GlobalSection(ProjectConfigurationPlatforms) = postSolution
		{7637702F-804C-4EC4-B500-E183EA420726}.Debug|Any CPU.ActiveCfg = Debug|Any CPU
		{7637702F-804C-4EC4-B500-E183EA420726}.Debug|Any CPU.Build.0 = Debug|Any CPU
		{7637702F-804C-4EC4-B500-E183EA420726}.Release|Any CPU.ActiveCfg = Release|Any CPU
		{7637702F-804C-4EC4-B500-E183EA420726}.Release|Any CPU.Build.0 = Release|Any CPU
		{3C22D1FE-2FA3-47F5-9F06-1F19AE2B8AE7}.Debug|Any CPU.ActiveCfg = Debug|Any CPU
		{3C22D1FE-2FA3-47F5-9F06-1F19AE2B8AE7}.Debug|Any CPU.Build.0 = Debug|Any CPU
		{3C22D1FE-2FA3-47F5-9F06-1F19AE2B8AE7}.Release|Any CPU.ActiveCfg = Release|Any CPU
		{3C22D1FE-2FA3-47F5-9F06-1F19AE2B8AE7}.Release|Any CPU.Build.0 = Release|Any CPU
		{7B841371-8AFA-45B3-91EE-C6665179B153}.Debug|Any CPU.ActiveCfg = Debug|Any CPU
		{7B841371-8AFA-45B3-91EE-C6665179B153}.Debug|Any CPU.Build.0 = Debug|Any CPU
		{7B841371-8AFA-45B3-91EE-C6665179B153}.Release|Any CPU.ActiveCfg = Release|Any CPU
		{7B841371-8AFA-45B3-91EE-C6665179B153}.Release|Any CPU.Build.0 = Release|Any CPU
		{37F5A917-02AE-4DCD-B219-13ACE401C496}.Debug|Any CPU.ActiveCfg = Debug|Any CPU
		{37F5A917-02AE-4DCD-B219-13ACE401C496}.Debug|Any CPU.Build.0 = Debug|Any CPU
		{37F5A917-02AE-4DCD-B219-13ACE401C496}.Release|Any CPU.ActiveCfg = Release|Any CPU
		{37F5A917-02AE-4DCD-B219-13ACE401C496}.Release|Any CPU.Build.0 = Release|Any CPU
		{B87B3F7B-8E42-4B79-A2AF-21B45D5384E6}.Debug|Any CPU.ActiveCfg = Debug|Any CPU
		{B87B3F7B-8E42-4B79-A2AF-21B45D5384E6}.Debug|Any CPU.Build.0 = Debug|Any CPU
		{B87B3F7B-8E42-4B79-A2AF-21B45D5384E6}.Release|Any CPU.ActiveCfg = Release|Any CPU
		{B87B3F7B-8E42-4B79-A2AF-21B45D5384E6}.Release|Any CPU.Build.0 = Release|Any CPU
	EndGlobalSection
	GlobalSection(SolutionProperties) = preSolution
		HideSolutionNode = FALSE
	EndGlobalSection
	GlobalSection(ExtensibilityGlobals) = postSolution
		SolutionGuid = {D45377F7-FD0D-4540-AD8D-C76AF31F1D55}
	EndGlobalSection
EndGlobal
